
Microsoft Visual Studio Solution File, Format Version 12.00
# Visual Studio Version 16
VisualStudioVersion = 16.0.33027.164
MinimumVisualStudioVersion = 10.0.40219.1
Project("{9A19103F-16F7-4668-BE54-9A1E7A4F7556}") = "Laba1", "Laba1\Laba1.csproj", "{1ABD7B4F-B625-4AF4-97C6-DDFADE1BBFDC}"
EndProject
Project("{9A19103F-16F7-4668-BE54-9A1E7A4F7556}") = "Laba2", "Laba2\Laba2\Laba2.csproj", "{3BD3248D-79FC-4E29-8D83-1E8D9144DEA6}"
EndProject
Project("{9A19103F-16F7-4668-BE54-9A1E7A4F7556}") = "Laba3", "Laba3\Laba3.csproj", "{2AB00D79-C723-4A4D-852D-BD44511B5EAF}"
EndProject
Project("{9A19103F-16F7-4668-BE54-9A1E7A4F7556}") = "Data", "Data\Data.csproj", "{E3846884-BB68-4F7A-9183-5677F4B90208}"
EndProject
Project("{FAE04EC0-301F-11D3-BF4B-00C04F79EFBC}") = "Laba4", "Laba4\Laba4.csproj", "{D9845D01-0A8B-4E3F-A6EC-AD8E5914F6E7}"
EndProject
Global
	GlobalSection(SolutionConfigurationPlatforms) = preSolution
		Debug|Any CPU = Debug|Any CPU
		Release|Any CPU = Release|Any CPU
	EndGlobalSection
	GlobalSection(ProjectConfigurationPlatforms) = postSolution
		{1ABD7B4F-B625-4AF4-97C6-DDFADE1BBFDC}.Debug|Any CPU.ActiveCfg = Debug|Any CPU
		{1ABD7B4F-B625-4AF4-97C6-DDFADE1BBFDC}.Debug|Any CPU.Build.0 = Debug|Any CPU
		{1ABD7B4F-B625-4AF4-97C6-DDFADE1BBFDC}.Release|Any CPU.ActiveCfg = Release|Any CPU
		{1ABD7B4F-B625-4AF4-97C6-DDFADE1BBFDC}.Release|Any CPU.Build.0 = Release|Any CPU
		{3BD3248D-79FC-4E29-8D83-1E8D9144DEA6}.Debug|Any CPU.ActiveCfg = Debug|Any CPU
		{3BD3248D-79FC-4E29-8D83-1E8D9144DEA6}.Debug|Any CPU.Build.0 = Debug|Any CPU
		{3BD3248D-79FC-4E29-8D83-1E8D9144DEA6}.Release|Any CPU.ActiveCfg = Release|Any CPU
		{3BD3248D-79FC-4E29-8D83-1E8D9144DEA6}.Release|Any CPU.Build.0 = Release|Any CPU
		{2AB00D79-C723-4A4D-852D-BD44511B5EAF}.Debug|Any CPU.ActiveCfg = Debug|Any CPU
		{2AB00D79-C723-4A4D-852D-BD44511B5EAF}.Debug|Any CPU.Build.0 = Debug|Any CPU
		{2AB00D79-C723-4A4D-852D-BD44511B5EAF}.Release|Any CPU.ActiveCfg = Release|Any CPU
		{2AB00D79-C723-4A4D-852D-BD44511B5EAF}.Release|Any CPU.Build.0 = Release|Any CPU
		{E3846884-BB68-4F7A-9183-5677F4B90208}.Debug|Any CPU.ActiveCfg = Debug|Any CPU
		{E3846884-BB68-4F7A-9183-5677F4B90208}.Debug|Any CPU.Build.0 = Debug|Any CPU
		{E3846884-BB68-4F7A-9183-5677F4B90208}.Release|Any CPU.ActiveCfg = Release|Any CPU
		{E3846884-BB68-4F7A-9183-5677F4B90208}.Release|Any CPU.Build.0 = Release|Any CPU
		{D9845D01-0A8B-4E3F-A6EC-AD8E5914F6E7}.Debug|Any CPU.ActiveCfg = Debug|Any CPU
		{D9845D01-0A8B-4E3F-A6EC-AD8E5914F6E7}.Debug|Any CPU.Build.0 = Debug|Any CPU
		{D9845D01-0A8B-4E3F-A6EC-AD8E5914F6E7}.Release|Any CPU.ActiveCfg = Release|Any CPU
		{D9845D01-0A8B-4E3F-A6EC-AD8E5914F6E7}.Release|Any CPU.Build.0 = Release|Any CPU
	EndGlobalSection
	GlobalSection(SolutionProperties) = preSolution
		HideSolutionNode = FALSE
	EndGlobalSection
	GlobalSection(ExtensibilityGlobals) = postSolution
		SolutionGuid = {08F4C7A7-A8F1-4890-9670-864FE54DADDA}
	EndGlobalSection
EndGlobal
